<?xml version="1.0" encoding="utf-8"?>
<Project ToolsVersion="16.0" xmlns="http://schemas.microsoft.com/developer/msbuild/2003">
  <ItemGroup>
    <CustomBuild Include="C:\msys64\home\sxy\Github\dlib_learning\demo_call\build-build-win\CMakeFiles\b72cad934f09e4a6d88f84ece69ca66a\generate.stamp.rule">
      <Filter>CMake Rules</Filter>
    </CustomBuild>
  </ItemGroup>
  <ItemGroup>
    <Filter Include="CMake Rules">
      <UniqueIdentifier>{FC0386AA-AF63-356A-9026-9EE9582A2D6D}</UniqueIdentifier>
    </Filter>
  </ItemGroup>
</Project>
